
Microsoft Visual Studio Solution File, Format Version 12.00
# Visual Studio 2012
Project("{FAE04EC0-301F-11D3-BF4B-00C04F79EFBC}") = "THOR", "THOR\THOR.csproj", "{477B0A92-A2C2-4814-8FBF-DF3E3460589D}"
EndProject
Project("{FAE04EC0-301F-11D3-BF4B-00C04F79EFBC}") = "THOR.Windows", "THOR.Windows\THOR.Windows.csproj", "{984614BC-061E-42D0-A519-921D3C30F820}"
EndProject
Project("{FAE04EC0-301F-11D3-BF4B-00C04F79EFBC}") = "THOR.Windows.Editors", "THOR.Windows.Editors\THOR.Windows.Editors.csproj", "{3A637285-5E93-4D43-8D44-404C819408B8}"
EndProject
Project("{FAE04EC0-301F-11D3-BF4B-00C04F79EFBC}") = "Test", "Test\Test.csproj", "{994C907C-9994-43CB-AB0B-9AE0A37BB48D}"
EndProject
Project("{FAE04EC0-301F-11D3-BF4B-00C04F79EFBC}") = "SolarEditor", "SolarEditor\SolarEditor.csproj", "{A125B33E-8D1D-4D49-AC12-A1BBAD63F261}"
EndProject
Project("{FAE04EC0-301F-11D3-BF4B-00C04F79EFBC}") = "WriteColorCodes", "WriteColorCodes\WriteColorCodes.csproj", "{51370288-82F8-4927-91B9-F123031DAD9A}"
EndProject
Project("{FAE04EC0-301F-11D3-BF4B-00C04F79EFBC}") = "THOR.Images", "THOR.Images\THOR.Images.csproj", "{841794DE-0E79-460E-872E-F57714768842}"
EndProject
Project("{FAE04EC0-301F-11D3-BF4B-00C04F79EFBC}") = "THOR.Tiled", "THOR.Tiled\THOR.Tiled.csproj", "{24A81241-F928-4BD1-9718-D1D8F5408F50}"
EndProject
Project("{FAE04EC0-301F-11D3-BF4B-00C04F79EFBC}") = "THOR.D2D", "THOR.D2D\THOR.D2D.csproj", "{C6BC866D-6BC4-4857-8A71-EF16B534160B}"
EndProject
Project("{FAE04EC0-301F-11D3-BF4B-00C04F79EFBC}") = "THOR.Windows.Editors.UI", "THOR.Windows.Editors.UI\THOR.Windows.Editors.UI.csproj", "{9C76DA9B-BCC1-4B5A-858A-49FC8D97FB8F}"
EndProject
Project("{FAE04EC0-301F-11D3-BF4B-00C04F79EFBC}") = "TexturePackerExport", "TexturePackerExport\TexturePackerExport.csproj", "{C53CD693-4EB5-461E-8DA7-884E6C8F08BD}"
EndProject
Project("{FAE04EC0-301F-11D3-BF4B-00C04F79EFBC}") = "THOR.ConsoleGUI", "THOR.ConsoleGUI\THOR.ConsoleGUI.csproj", "{E63813C2-ACA4-478D-B09F-D0FE3232F2B1}"
EndProject
Project("{FAE04EC0-301F-11D3-BF4B-00C04F79EFBC}") = "THORConsoleGUITest", "THORConsoleGUITest\THORConsoleGUITest.csproj", "{B4F1185D-E1B8-4314-AD2B-60C77181593E}"
EndProject
Global
	GlobalSection(SolutionConfigurationPlatforms) = preSolution
		Debug|Any CPU = Debug|Any CPU
		Release|Any CPU = Release|Any CPU
	EndGlobalSection
	GlobalSection(ProjectConfigurationPlatforms) = postSolution
		{477B0A92-A2C2-4814-8FBF-DF3E3460589D}.Debug|Any CPU.ActiveCfg = Debug|Any CPU
		{477B0A92-A2C2-4814-8FBF-DF3E3460589D}.Debug|Any CPU.Build.0 = Debug|Any CPU
		{477B0A92-A2C2-4814-8FBF-DF3E3460589D}.Release|Any CPU.ActiveCfg = Release|Any CPU
		{477B0A92-A2C2-4814-8FBF-DF3E3460589D}.Release|Any CPU.Build.0 = Release|Any CPU
		{984614BC-061E-42D0-A519-921D3C30F820}.Debug|Any CPU.ActiveCfg = Debug|Any CPU
		{984614BC-061E-42D0-A519-921D3C30F820}.Debug|Any CPU.Build.0 = Debug|Any CPU
		{984614BC-061E-42D0-A519-921D3C30F820}.Release|Any CPU.ActiveCfg = Release|Any CPU
		{984614BC-061E-42D0-A519-921D3C30F820}.Release|Any CPU.Build.0 = Release|Any CPU
		{3A637285-5E93-4D43-8D44-404C819408B8}.Debug|Any CPU.ActiveCfg = Debug|Any CPU
		{3A637285-5E93-4D43-8D44-404C819408B8}.Debug|Any CPU.Build.0 = Debug|Any CPU
		{3A637285-5E93-4D43-8D44-404C819408B8}.Release|Any CPU.ActiveCfg = Release|Any CPU
		{3A637285-5E93-4D43-8D44-404C819408B8}.Release|Any CPU.Build.0 = Release|Any CPU
		{994C907C-9994-43CB-AB0B-9AE0A37BB48D}.Debug|Any CPU.ActiveCfg = Debug|Any CPU
		{994C907C-9994-43CB-AB0B-9AE0A37BB48D}.Debug|Any CPU.Build.0 = Debug|Any CPU
		{994C907C-9994-43CB-AB0B-9AE0A37BB48D}.Release|Any CPU.ActiveCfg = Release|Any CPU
		{994C907C-9994-43CB-AB0B-9AE0A37BB48D}.Release|Any CPU.Build.0 = Release|Any CPU
		{A125B33E-8D1D-4D49-AC12-A1BBAD63F261}.Debug|Any CPU.ActiveCfg = Debug|Any CPU
		{A125B33E-8D1D-4D49-AC12-A1BBAD63F261}.Debug|Any CPU.Build.0 = Debug|Any CPU
		{A125B33E-8D1D-4D49-AC12-A1BBAD63F261}.Release|Any CPU.ActiveCfg = Release|Any CPU
		{A125B33E-8D1D-4D49-AC12-A1BBAD63F261}.Release|Any CPU.Build.0 = Release|Any CPU
		{51370288-82F8-4927-91B9-F123031DAD9A}.Debug|Any CPU.ActiveCfg = Debug|Any CPU
		{51370288-82F8-4927-91B9-F123031DAD9A}.Debug|Any CPU.Build.0 = Debug|Any CPU
		{51370288-82F8-4927-91B9-F123031DAD9A}.Release|Any CPU.ActiveCfg = Release|Any CPU
		{51370288-82F8-4927-91B9-F123031DAD9A}.Release|Any CPU.Build.0 = Release|Any CPU
		{841794DE-0E79-460E-872E-F57714768842}.Debug|Any CPU.ActiveCfg = Debug|Any CPU
		{841794DE-0E79-460E-872E-F57714768842}.Debug|Any CPU.Build.0 = Debug|Any CPU
		{841794DE-0E79-460E-872E-F57714768842}.Release|Any CPU.ActiveCfg = Release|Any CPU
		{841794DE-0E79-460E-872E-F57714768842}.Release|Any CPU.Build.0 = Release|Any CPU
		{24A81241-F928-4BD1-9718-D1D8F5408F50}.Debug|Any CPU.ActiveCfg = Debug|Any CPU
		{24A81241-F928-4BD1-9718-D1D8F5408F50}.Debug|Any CPU.Build.0 = Debug|Any CPU
		{24A81241-F928-4BD1-9718-D1D8F5408F50}.Release|Any CPU.ActiveCfg = Release|Any CPU
		{24A81241-F928-4BD1-9718-D1D8F5408F50}.Release|Any CPU.Build.0 = Release|Any CPU
		{C6BC866D-6BC4-4857-8A71-EF16B534160B}.Debug|Any CPU.ActiveCfg = Debug|Any CPU
		{C6BC866D-6BC4-4857-8A71-EF16B534160B}.Debug|Any CPU.Build.0 = Debug|Any CPU
		{C6BC866D-6BC4-4857-8A71-EF16B534160B}.Release|Any CPU.ActiveCfg = Release|Any CPU
		{C6BC866D-6BC4-4857-8A71-EF16B534160B}.Release|Any CPU.Build.0 = Release|Any CPU
		{9C76DA9B-BCC1-4B5A-858A-49FC8D97FB8F}.Debug|Any CPU.ActiveCfg = Debug|Any CPU
		{9C76DA9B-BCC1-4B5A-858A-49FC8D97FB8F}.Debug|Any CPU.Build.0 = Debug|Any CPU
		{9C76DA9B-BCC1-4B5A-858A-49FC8D97FB8F}.Release|Any CPU.ActiveCfg = Release|Any CPU
		{9C76DA9B-BCC1-4B5A-858A-49FC8D97FB8F}.Release|Any CPU.Build.0 = Release|Any CPU
		{C53CD693-4EB5-461E-8DA7-884E6C8F08BD}.Debug|Any CPU.ActiveCfg = Debug|Any CPU
		{C53CD693-4EB5-461E-8DA7-884E6C8F08BD}.Debug|Any CPU.Build.0 = Debug|Any CPU
		{C53CD693-4EB5-461E-8DA7-884E6C8F08BD}.Release|Any CPU.ActiveCfg = Release|Any CPU
		{C53CD693-4EB5-461E-8DA7-884E6C8F08BD}.Release|Any CPU.Build.0 = Release|Any CPU
		{E63813C2-ACA4-478D-B09F-D0FE3232F2B1}.Debug|Any CPU.ActiveCfg = Debug|Any CPU
		{E63813C2-ACA4-478D-B09F-D0FE3232F2B1}.Debug|Any CPU.Build.0 = Debug|Any CPU
		{E63813C2-ACA4-478D-B09F-D0FE3232F2B1}.Release|Any CPU.ActiveCfg = Release|Any CPU
		{E63813C2-ACA4-478D-B09F-D0FE3232F2B1}.Release|Any CPU.Build.0 = Release|Any CPU
		{B4F1185D-E1B8-4314-AD2B-60C77181593E}.Debug|Any CPU.ActiveCfg = Debug|Any CPU
		{B4F1185D-E1B8-4314-AD2B-60C77181593E}.Debug|Any CPU.Build.0 = Debug|Any CPU
		{B4F1185D-E1B8-4314-AD2B-60C77181593E}.Release|Any CPU.ActiveCfg = Release|Any CPU
		{B4F1185D-E1B8-4314-AD2B-60C77181593E}.Release|Any CPU.Build.0 = Release|Any CPU
	EndGlobalSection
	GlobalSection(SolutionProperties) = preSolution
		HideSolutionNode = FALSE
	EndGlobalSection
EndGlobal
